
Microsoft Visual Studio Solution File, Format Version 12.00
# Visual Studio Version 17
VisualStudioVersion = 17.11.35312.102
MinimumVisualStudioVersion = 10.0.40219.1
Project("{FAE04EC0-301F-11D3-BF4B-00C04F79EFBC}") = "EmployeeAdminPortal", "EmployeeAdminPortal\EmployeeAdminPortal.csproj", "{0FFDFB79-94B5-43A7-B1B0-6C3AD0E13E4A}"
EndProject
Global
	GlobalSection(SolutionConfigurationPlatforms) = preSolution
		Debug|Any CPU = Debug|Any CPU
		Release|Any CPU = Release|Any CPU
	EndGlobalSection
	GlobalSection(ProjectConfigurationPlatforms) = postSolution
		{0FFDFB79-94B5-43A7-B1B0-6C3AD0E13E4A}.Debug|Any CPU.ActiveCfg = Debug|Any CPU
		{0FFDFB79-94B5-43A7-B1B0-6C3AD0E13E4A}.Debug|Any CPU.Build.0 = Debug|Any CPU
		{0FFDFB79-94B5-43A7-B1B0-6C3AD0E13E4A}.Release|Any CPU.ActiveCfg = Release|Any CPU
		{0FFDFB79-94B5-43A7-B1B0-6C3AD0E13E4A}.Release|Any CPU.Build.0 = Release|Any CPU
	EndGlobalSection
	GlobalSection(SolutionProperties) = preSolution
		HideSolutionNode = FALSE
	EndGlobalSection
	GlobalSection(ExtensibilityGlobals) = postSolution
		SolutionGuid = {79E97658-327E-4C32-A966-F3EBFBE1A14C}
	EndGlobalSection
EndGlobal
